
Microsoft Visual Studio Solution File, Format Version 12.00
# Visual Studio Version 16
VisualStudioVersion = 16.0.29326.143
MinimumVisualStudioVersion = 10.0.40219.1
Project("{2150E333-8FDC-42A3-9474-1A3956D46DE8}") = "Application", "Application", "{D77CA4E7-372A-4239-872A-148D9AEB383C}"
EndProject
Project("{2150E333-8FDC-42A3-9474-1A3956D46DE8}") = "Service", "Service", "{B15AF781-62FD-45EC-A969-2E2C892C3751}"
EndProject
Project("{2150E333-8FDC-42A3-9474-1A3956D46DE8}") = "Domain", "Domain", "{2BA0CA0E-6589-437B-976B-45E7A98075B1}"
EndProject
Project("{2150E333-8FDC-42A3-9474-1A3956D46DE8}") = "Infrastructure", "Infrastructure", "{AA6534E2-277B-46A7-84A2-E1694037751F}"
EndProject
Project("{2150E333-8FDC-42A3-9474-1A3956D46DE8}") = "Dtos", "Dtos", "{55169BCA-12EA-4A97-8CA5-1DF3BB3C7804}"
EndProject
Project("{9A19103F-16F7-4668-BE54-9A1E7A4F7556}") = "Entities", "Entities\Entities.csproj", "{ACC66370-CCA0-4E19-89AA-3CE7E9887E67}"
EndProject
Project("{2150E333-8FDC-42A3-9474-1A3956D46DE8}") = "Business", "Business", "{BFF8AF59-52E4-4EDD-B91D-031B0DC53120}"
EndProject
Project("{9A19103F-16F7-4668-BE54-9A1E7A4F7556}") = "OA.Interface", "Interface\OA.Interface.csproj", "{36020D62-A4B5-4E1B-BF5D-20DD7C487C43}"
EndProject
Project("{9A19103F-16F7-4668-BE54-9A1E7A4F7556}") = "OA.Concrete", "Concrete\OA.Concrete.csproj", "{7F0A14F4-3275-471B-8530-CB8CF828556F}"
EndProject
Project("{9A19103F-16F7-4668-BE54-9A1E7A4F7556}") = "OA.Web", "OA.Web\OA.Web.csproj", "{422B8D06-BC9A-48AB-8046-E6015EECE363}"
EndProject
Project("{9A19103F-16F7-4668-BE54-9A1E7A4F7556}") = "OA.Data", "OA.Data\OA.Data.csproj", "{DDEF98B4-B082-46C3-BC0E-988F8B7A1D12}"
EndProject
Project("{9A19103F-16F7-4668-BE54-9A1E7A4F7556}") = "OA.Repo", "OA.Repo\OA.Repo.csproj", "{5EB35DE9-D560-487D-BAFE-1B68FD3C3677}"
EndProject
Project("{9A19103F-16F7-4668-BE54-9A1E7A4F7556}") = "WebAPI", "WebAPI\WebAPI.csproj", "{5B867B6B-9E9D-40DF-93E7-7336D8617768}"
EndProject
Project("{9A19103F-16F7-4668-BE54-9A1E7A4F7556}") = "ApiHelper", "ApiHelper\ApiHelper.csproj", "{99CEBF7F-F17F-4972-85A1-ABD56A9EB814}"
EndProject
Project("{9A19103F-16F7-4668-BE54-9A1E7A4F7556}") = "BlazorServerApp", "BlazorServerApp\BlazorServerApp.csproj", "{6F8611FF-97C7-4353-AABB-9455ED8C19E7}"
EndProject
Project("{9A19103F-16F7-4668-BE54-9A1E7A4F7556}") = "BlazorWasm", "BlazorWasm\BlazorWasm.csproj", "{65EACFB1-F143-4710-BC38-11CEE006A14B}"
EndProject
Project("{FAE04EC0-301F-11D3-BF4B-00C04F79EFBC}") = "CoreServices.Test", "CoreServices.Test\CoreServices.Test.csproj", "{76C67BFC-7E84-42D5-8B5D-3271F9E70307}"
EndProject
Global
	GlobalSection(SolutionConfigurationPlatforms) = preSolution
		Debug|Any CPU = Debug|Any CPU
		Release|Any CPU = Release|Any CPU
	EndGlobalSection
	GlobalSection(ProjectConfigurationPlatforms) = postSolution
		{ACC66370-CCA0-4E19-89AA-3CE7E9887E67}.Debug|Any CPU.ActiveCfg = Debug|Any CPU
		{ACC66370-CCA0-4E19-89AA-3CE7E9887E67}.Debug|Any CPU.Build.0 = Debug|Any CPU
		{ACC66370-CCA0-4E19-89AA-3CE7E9887E67}.Release|Any CPU.ActiveCfg = Release|Any CPU
		{ACC66370-CCA0-4E19-89AA-3CE7E9887E67}.Release|Any CPU.Build.0 = Release|Any CPU
		{36020D62-A4B5-4E1B-BF5D-20DD7C487C43}.Debug|Any CPU.ActiveCfg = Debug|Any CPU
		{36020D62-A4B5-4E1B-BF5D-20DD7C487C43}.Debug|Any CPU.Build.0 = Debug|Any CPU
		{36020D62-A4B5-4E1B-BF5D-20DD7C487C43}.Release|Any CPU.ActiveCfg = Release|Any CPU
		{36020D62-A4B5-4E1B-BF5D-20DD7C487C43}.Release|Any CPU.Build.0 = Release|Any CPU
		{7F0A14F4-3275-471B-8530-CB8CF828556F}.Debug|Any CPU.ActiveCfg = Debug|Any CPU
		{7F0A14F4-3275-471B-8530-CB8CF828556F}.Debug|Any CPU.Build.0 = Debug|Any CPU
		{7F0A14F4-3275-471B-8530-CB8CF828556F}.Release|Any CPU.ActiveCfg = Release|Any CPU
		{7F0A14F4-3275-471B-8530-CB8CF828556F}.Release|Any CPU.Build.0 = Release|Any CPU
		{422B8D06-BC9A-48AB-8046-E6015EECE363}.Debug|Any CPU.ActiveCfg = Debug|Any CPU
		{422B8D06-BC9A-48AB-8046-E6015EECE363}.Debug|Any CPU.Build.0 = Debug|Any CPU
		{422B8D06-BC9A-48AB-8046-E6015EECE363}.Release|Any CPU.ActiveCfg = Release|Any CPU
		{422B8D06-BC9A-48AB-8046-E6015EECE363}.Release|Any CPU.Build.0 = Release|Any CPU
		{DDEF98B4-B082-46C3-BC0E-988F8B7A1D12}.Debug|Any CPU.ActiveCfg = Debug|Any CPU
		{DDEF98B4-B082-46C3-BC0E-988F8B7A1D12}.Debug|Any CPU.Build.0 = Debug|Any CPU
		{DDEF98B4-B082-46C3-BC0E-988F8B7A1D12}.Release|Any CPU.ActiveCfg = Release|Any CPU
		{DDEF98B4-B082-46C3-BC0E-988F8B7A1D12}.Release|Any CPU.Build.0 = Release|Any CPU
		{5EB35DE9-D560-487D-BAFE-1B68FD3C3677}.Debug|Any CPU.ActiveCfg = Debug|Any CPU
		{5EB35DE9-D560-487D-BAFE-1B68FD3C3677}.Debug|Any CPU.Build.0 = Debug|Any CPU
		{5EB35DE9-D560-487D-BAFE-1B68FD3C3677}.Release|Any CPU.ActiveCfg = Release|Any CPU
		{5EB35DE9-D560-487D-BAFE-1B68FD3C3677}.Release|Any CPU.Build.0 = Release|Any CPU
		{5B867B6B-9E9D-40DF-93E7-7336D8617768}.Debug|Any CPU.ActiveCfg = Debug|Any CPU
		{5B867B6B-9E9D-40DF-93E7-7336D8617768}.Debug|Any CPU.Build.0 = Debug|Any CPU
		{5B867B6B-9E9D-40DF-93E7-7336D8617768}.Release|Any CPU.ActiveCfg = Release|Any CPU
		{5B867B6B-9E9D-40DF-93E7-7336D8617768}.Release|Any CPU.Build.0 = Release|Any CPU
		{99CEBF7F-F17F-4972-85A1-ABD56A9EB814}.Debug|Any CPU.ActiveCfg = Debug|Any CPU
		{99CEBF7F-F17F-4972-85A1-ABD56A9EB814}.Debug|Any CPU.Build.0 = Debug|Any CPU
		{99CEBF7F-F17F-4972-85A1-ABD56A9EB814}.Release|Any CPU.ActiveCfg = Release|Any CPU
		{99CEBF7F-F17F-4972-85A1-ABD56A9EB814}.Release|Any CPU.Build.0 = Release|Any CPU
		{6F8611FF-97C7-4353-AABB-9455ED8C19E7}.Debug|Any CPU.ActiveCfg = Debug|Any CPU
		{6F8611FF-97C7-4353-AABB-9455ED8C19E7}.Debug|Any CPU.Build.0 = Debug|Any CPU
		{6F8611FF-97C7-4353-AABB-9455ED8C19E7}.Release|Any CPU.ActiveCfg = Release|Any CPU
		{6F8611FF-97C7-4353-AABB-9455ED8C19E7}.Release|Any CPU.Build.0 = Release|Any CPU
		{65EACFB1-F143-4710-BC38-11CEE006A14B}.Debug|Any CPU.ActiveCfg = Debug|Any CPU
		{65EACFB1-F143-4710-BC38-11CEE006A14B}.Debug|Any CPU.Build.0 = Debug|Any CPU
		{65EACFB1-F143-4710-BC38-11CEE006A14B}.Release|Any CPU.ActiveCfg = Release|Any CPU
		{65EACFB1-F143-4710-BC38-11CEE006A14B}.Release|Any CPU.Build.0 = Release|Any CPU
		{76C67BFC-7E84-42D5-8B5D-3271F9E70307}.Debug|Any CPU.ActiveCfg = Debug|Any CPU
		{76C67BFC-7E84-42D5-8B5D-3271F9E70307}.Debug|Any CPU.Build.0 = Debug|Any CPU
		{76C67BFC-7E84-42D5-8B5D-3271F9E70307}.Release|Any CPU.ActiveCfg = Release|Any CPU
		{76C67BFC-7E84-42D5-8B5D-3271F9E70307}.Release|Any CPU.Build.0 = Release|Any CPU
	EndGlobalSection
	GlobalSection(SolutionProperties) = preSolution
		HideSolutionNode = FALSE
	EndGlobalSection
	GlobalSection(NestedProjects) = preSolution
		{55169BCA-12EA-4A97-8CA5-1DF3BB3C7804} = {2BA0CA0E-6589-437B-976B-45E7A98075B1}
		{ACC66370-CCA0-4E19-89AA-3CE7E9887E67} = {2BA0CA0E-6589-437B-976B-45E7A98075B1}
		{BFF8AF59-52E4-4EDD-B91D-031B0DC53120} = {2BA0CA0E-6589-437B-976B-45E7A98075B1}
		{36020D62-A4B5-4E1B-BF5D-20DD7C487C43} = {BFF8AF59-52E4-4EDD-B91D-031B0DC53120}
		{7F0A14F4-3275-471B-8530-CB8CF828556F} = {BFF8AF59-52E4-4EDD-B91D-031B0DC53120}
		{422B8D06-BC9A-48AB-8046-E6015EECE363} = {D77CA4E7-372A-4239-872A-148D9AEB383C}
		{DDEF98B4-B082-46C3-BC0E-988F8B7A1D12} = {AA6534E2-277B-46A7-84A2-E1694037751F}
		{5EB35DE9-D560-487D-BAFE-1B68FD3C3677} = {AA6534E2-277B-46A7-84A2-E1694037751F}
		{5B867B6B-9E9D-40DF-93E7-7336D8617768} = {B15AF781-62FD-45EC-A969-2E2C892C3751}
		{99CEBF7F-F17F-4972-85A1-ABD56A9EB814} = {B15AF781-62FD-45EC-A969-2E2C892C3751}
		{6F8611FF-97C7-4353-AABB-9455ED8C19E7} = {D77CA4E7-372A-4239-872A-148D9AEB383C}
		{65EACFB1-F143-4710-BC38-11CEE006A14B} = {D77CA4E7-372A-4239-872A-148D9AEB383C}
		{76C67BFC-7E84-42D5-8B5D-3271F9E70307} = {B15AF781-62FD-45EC-A969-2E2C892C3751}
	EndGlobalSection
	GlobalSection(ExtensibilityGlobals) = postSolution
		SolutionGuid = {4D90F9B7-8FDE-4CB2-A3CD-941BD20D5C70}
	EndGlobalSection
EndGlobal
